{
  "name": "node-red-contrib-wasmer",
  "version": "0.0.1",
  "lockfileVersion": 3,
  "requires": true,
  "packages": {
    "": {
      "name": "node-red-contrib-wasmer",
      "version": "0.0.1",
      "license": "GPL-3.0-or-later",
      "dependencies": {
        "@wasmer/wasi": "^1.2.2",
        "seedrandom": "^3.0.5"
      }
    },
    "node_modules/@wasmer/wasi": {
      "version": "1.2.2",
      "resolved": "https://registry.npmjs.org/@wasmer/wasi/-/wasi-1.2.2.tgz",
      "integrity": "sha512-39ZB3gefOVhBmkhf7Ta79RRSV/emIV8LhdvcWhP/MOZEjMmtzoZWMzt7phdKj8CUXOze+AwbvGK60lKaKldn1w=="
    },
    "node_modules/seedrandom": {
      "version": "3.0.5",
      "resolved": "https://registry.npmjs.org/seedrandom/-/seedrandom-3.0.5.tgz",
      "integrity": "sha512-8OwmbklUNzwezjGInmZ+2clQmExQPvomqjL7LFqOYqtmuxRgQYqOD3mHaU+MvZn5FLUeVxVfQjwLZW/n/JFuqg=="
    }
  }
}
